// !$*UTF8*$!
{
	archiveVersion = 1;
	classes = {
	};
	objectVersion = 50;
	objects = {

/* Begin PBXBuildFile section */
		754FF11722D294FA005EEF2E /* Localizable.strings in Resources */ = {isa = PBXBuildFile; fileRef = 754FF11A22D294FA005EEF2E /* Localizable.strings */; };
		754FF11822D294FA005EEF2E /* Localizable.strings in Resources */ = {isa = PBXBuildFile; fileRef = 754FF11A22D294FA005EEF2E /* Localizable.strings */; };
		7595C77422D212C200C5B079 /* AppDelegate.swift in Sources */ = {isa = PBXBuildFile; fileRef = 7595C77322D212C200C5B079 /* AppDelegate.swift */; };
		7595C77622D212C200C5B079 /* ViewController.swift in Sources */ = {isa = PBXBuildFile; fileRef = 7595C77522D212C200C5B079 /* ViewController.swift */; };
		7595C77822D212C300C5B079 /* Assets.xcassets in Resources */ = {isa = PBXBuildFile; fileRef = 7595C77722D212C300C5B079 /* Assets.xcassets */; };
		7595C77B22D212C300C5B079 /* Main.storyboard in Resources */ = {isa = PBXBuildFile; fileRef = 7595C77922D212C300C5B079 /* Main.storyboard */; };
		7595C7C122D21F1300C5B079 /* NotificationCenter.framework in Frameworks */ = {isa = PBXBuildFile; fileRef = 7595C78922D2132300C5B079 /* NotificationCenter.framework */; };
		7595C7C422D21F1300C5B079 /* TodayViewController.swift in Sources */ = {isa = PBXBuildFile; fileRef = 7595C7C322D21F1300C5B079 /* TodayViewController.swift */; };
		7595C7C622D21F1300C5B079 /* ListRowViewController.swift in Sources */ = {isa = PBXBuildFile; fileRef = 7595C7C522D21F1300C5B079 /* ListRowViewController.swift */; };
		7595C7C922D21F1300C5B079 /* TodayViewController.xib in Resources */ = {isa = PBXBuildFile; fileRef = 7595C7C722D21F1300C5B079 /* TodayViewController.xib */; };
		7595C7CC22D21F1300C5B079 /* ListRowViewController.xib in Resources */ = {isa = PBXBuildFile; fileRef = 7595C7CA22D21F1300C5B079 /* ListRowViewController.xib */; };
		7595C7D022D21F1300C5B079 /* InfoPlist.strings in Resources */ = {isa = PBXBuildFile; fileRef = 7595C7CE22D21F1300C5B079 /* InfoPlist.strings */; };
		7595C7D422D21F1300C5B079 /* Gaetano Menu.appex in Embed App Extensions */ = {isa = PBXBuildFile; fileRef = 7595C7C022D21F1300C5B079 /* Gaetano Menu.appex */; settings = {ATTRIBUTES = (RemoveHeadersOnCopy, ); }; };
		7595C7D922D2218100C5B079 /* Model.swift in Sources */ = {isa = PBXBuildFile; fileRef = 7595C7D822D2218100C5B079 /* Model.swift */; };
		7595C7DA22D2218100C5B079 /* Model.swift in Sources */ = {isa = PBXBuildFile; fileRef = 7595C7D822D2218100C5B079 /* Model.swift */; };
/* End PBXBuildFile section */

/* Begin PBXContainerItemProxy section */
		7595C7D222D21F1300C5B079 /* PBXContainerItemProxy */ = {
			isa = PBXContainerItemProxy;
			containerPortal = 7595C76822D212C200C5B079 /* Project object */;
			proxyType = 1;
			remoteGlobalIDString = 7595C7BF22D21F1300C5B079;
			remoteInfo = "Gaetano Menu";
		};
/* End PBXContainerItemProxy section */

/* Begin PBXCopyFilesBuildPhase section */
		7595C79C22D2132300C5B079 /* Embed App Extensions */ = {
			isa = PBXCopyFilesBuildPhase;
			buildActionMask = 2147483647;
			dstPath = "";
			dstSubfolderSpec = 13;
			files = (
				7595C7D422D21F1300C5B079 /* Gaetano Menu.appex in Embed App Extensions */,
			);
			name = "Embed App Extensions";
			runOnlyForDeploymentPostprocessing = 0;
		};
/* End PBXCopyFilesBuildPhase section */

/* Begin PBXFileReference section */
		754FF11922D294FA005EEF2E /* ru */ = {isa = PBXFileReference; lastKnownFileType = text.plist.strings; name = ru; path = ru.lproj/Localizable.strings; sourceTree = "<group>"; };
		754FF11B22D29563005EEF2E /* en */ = {isa = PBXFileReference; lastKnownFileType = text.plist.strings; name = en; path = en.lproj/Localizable.strings; sourceTree = "<group>"; };
		7595C77022D212C200C5B079 /* Gaetano Lunches.app */ = {isa = PBXFileReference; explicitFileType = wrapper.application; includeInIndex = 0; path = "Gaetano Lunches.app"; sourceTree = BUILT_PRODUCTS_DIR; };
		7595C77322D212C200C5B079 /* AppDelegate.swift */ = {isa = PBXFileReference; lastKnownFileType = sourcecode.swift; path = AppDelegate.swift; sourceTree = "<group>"; };
		7595C77522D212C200C5B079 /* ViewController.swift */ = {isa = PBXFileReference; lastKnownFileType = sourcecode.swift; path = ViewController.swift; sourceTree = "<group>"; };
		7595C77722D212C300C5B079 /* Assets.xcassets */ = {isa = PBXFileReference; lastKnownFileType = folder.assetcatalog; path = Assets.xcassets; sourceTree = "<group>"; };
		7595C77A22D212C300C5B079 /* Base */ = {isa = PBXFileReference; lastKnownFileType = file.storyboard; name = Base; path = Base.lproj/Main.storyboard; sourceTree = "<group>"; };
		7595C77C22D212C300C5B079 /* Info.plist */ = {isa = PBXFileReference; lastKnownFileType = text.plist.xml; path = Info.plist; sourceTree = "<group>"; };
		7595C77D22D212C300C5B079 /* Gaetano_Lunches.entitlements */ = {isa = PBXFileReference; lastKnownFileType = text.plist.entitlements; path = Gaetano_Lunches.entitlements; sourceTree = "<group>"; };
		7595C78922D2132300C5B079 /* NotificationCenter.framework */ = {isa = PBXFileReference; lastKnownFileType = wrapper.framework; name = NotificationCenter.framework; path = System/Library/Frameworks/NotificationCenter.framework; sourceTree = SDKROOT; };
		7595C79F22D213EC00C5B079 /* ru */ = {isa = PBXFileReference; lastKnownFileType = text.plist.strings; name = ru; path = ru.lproj/Main.strings; sourceTree = "<group>"; };
		7595C7C022D21F1300C5B079 /* Gaetano Menu.appex */ = {isa = PBXFileReference; explicitFileType = "wrapper.app-extension"; includeInIndex = 0; path = "Gaetano Menu.appex"; sourceTree = BUILT_PRODUCTS_DIR; };
		7595C7C322D21F1300C5B079 /* TodayViewController.swift */ = {isa = PBXFileReference; lastKnownFileType = sourcecode.swift; path = TodayViewController.swift; sourceTree = "<group>"; };
		7595C7C522D21F1300C5B079 /* ListRowViewController.swift */ = {isa = PBXFileReference; lastKnownFileType = sourcecode.swift; path = ListRowViewController.swift; sourceTree = "<group>"; };
		7595C7C822D21F1300C5B079 /* Base */ = {isa = PBXFileReference; lastKnownFileType = file.xib; name = Base; path = Base.lproj/TodayViewController.xib; sourceTree = "<group>"; };
		7595C7CB22D21F1300C5B079 /* Base */ = {isa = PBXFileReference; lastKnownFileType = file.xib; name = Base; path = Base.lproj/ListRowViewController.xib; sourceTree = "<group>"; };
		7595C7CD22D21F1300C5B079 /* Info.plist */ = {isa = PBXFileReference; lastKnownFileType = text.plist.xml; path = Info.plist; sourceTree = "<group>"; };
		7595C7CF22D21F1300C5B079 /* en */ = {isa = PBXFileReference; lastKnownFileType = text.plist.strings; name = en; path = en.lproj/InfoPlist.strings; sourceTree = "<group>"; };
		7595C7D122D21F1300C5B079 /* Gaetano_Menu.entitlements */ = {isa = PBXFileReference; lastKnownFileType = text.plist.entitlements; path = Gaetano_Menu.entitlements; sourceTree = "<group>"; };
		7595C7D822D2218100C5B079 /* Model.swift */ = {isa = PBXFileReference; lastKnownFileType = sourcecode.swift; path = Model.swift; sourceTree = "<group>"; };
		7595C7DB22D2239100C5B079 /* Gaetano Menu.entitlements */ = {isa = PBXFileReference; lastKnownFileType = text.plist.entitlements; path = "Gaetano Menu.entitlements"; sourceTree = "<group>"; };
		7595C7DC22D23A3A00C5B079 /* ru */ = {isa = PBXFileReference; lastKnownFileType = text.plist.strings; name = ru; path = ru.lproj/InfoPlist.strings; sourceTree = "<group>"; };
/* End PBXFileReference section */

/* Begin PBXFrameworksBuildPhase section */
		7595C76D22D212C200C5B079 /* Frameworks */ = {
			isa = PBXFrameworksBuildPhase;
			buildActionMask = 2147483647;
			files = (
			);
			runOnlyForDeploymentPostprocessing = 0;
		};
		7595C7BD22D21F1300C5B079 /* Frameworks */ = {
			isa = PBXFrameworksBuildPhase;
			buildActionMask = 2147483647;
			files = (
				7595C7C122D21F1300C5B079 /* NotificationCenter.framework in Frameworks */,
			);
			runOnlyForDeploymentPostprocessing = 0;
		};
/* End PBXFrameworksBuildPhase section */

/* Begin PBXGroup section */
		7595C76722D212C200C5B079 = {
			isa = PBXGroup;
			children = (
				7595C77222D212C200C5B079 /* Gaetano Lunches */,
				7595C7C222D21F1300C5B079 /* Gaetano Menu */,
				7595C78822D2132300C5B079 /* Frameworks */,
				7595C77122D212C200C5B079 /* Products */,
			);
			sourceTree = "<group>";
		};
		7595C77122D212C200C5B079 /* Products */ = {
			isa = PBXGroup;
			children = (
				7595C77022D212C200C5B079 /* Gaetano Lunches.app */,
				7595C7C022D21F1300C5B079 /* Gaetano Menu.appex */,
			);
			name = Products;
			sourceTree = "<group>";
		};
		7595C77222D212C200C5B079 /* Gaetano Lunches */ = {
			isa = PBXGroup;
			children = (
				7595C77322D212C200C5B079 /* AppDelegate.swift */,
				7595C77522D212C200C5B079 /* ViewController.swift */,
				754FF11A22D294FA005EEF2E /* Localizable.strings */,
				7595C77722D212C300C5B079 /* Assets.xcassets */,
				7595C77922D212C300C5B079 /* Main.storyboard */,
				7595C77C22D212C300C5B079 /* Info.plist */,
				7595C77D22D212C300C5B079 /* Gaetano_Lunches.entitlements */,
				7595C7D822D2218100C5B079 /* Model.swift */,
			);
			path = "Gaetano Lunches";
			sourceTree = "<group>";
		};
		7595C78822D2132300C5B079 /* Frameworks */ = {
			isa = PBXGroup;
			children = (
				7595C78922D2132300C5B079 /* NotificationCenter.framework */,
			);
			name = Frameworks;
			sourceTree = "<group>";
		};
		7595C7C222D21F1300C5B079 /* Gaetano Menu */ = {
			isa = PBXGroup;
			children = (
				7595C7DB22D2239100C5B079 /* Gaetano Menu.entitlements */,
				7595C7C322D21F1300C5B079 /* TodayViewController.swift */,
				7595C7C522D21F1300C5B079 /* ListRowViewController.swift */,
				7595C7C722D21F1300C5B079 /* TodayViewController.xib */,
				7595C7CA22D21F1300C5B079 /* ListRowViewController.xib */,
				7595C7CD22D21F1300C5B079 /* Info.plist */,
				7595C7CE22D21F1300C5B079 /* InfoPlist.strings */,
				7595C7D122D21F1300C5B079 /* Gaetano_Menu.entitlements */,
			);
			path = "Gaetano Menu";
			sourceTree = "<group>";
		};
/* End PBXGroup section */

/* Begin PBXNativeTarget section */
		7595C76F22D212C200C5B079 /* Gaetano Lunches */ = {
			isa = PBXNativeTarget;
			buildConfigurationList = 7595C78022D212C300C5B079 /* Build configuration list for PBXNativeTarget "Gaetano Lunches" */;
			buildPhases = (
				7595C76C22D212C200C5B079 /* Sources */,
				7595C76D22D212C200C5B079 /* Frameworks */,
				7595C76E22D212C200C5B079 /* Resources */,
				7595C79C22D2132300C5B079 /* Embed App Extensions */,
			);
			buildRules = (
			);
			dependencies = (
				7595C7D322D21F1300C5B079 /* PBXTargetDependency */,
			);
			name = "Gaetano Lunches";
			productName = "Gaetano Lunches";
			productReference = 7595C77022D212C200C5B079 /* Gaetano Lunches.app */;
			productType = "com.apple.product-type.application";
		};
		7595C7BF22D21F1300C5B079 /* Gaetano Menu */ = {
			isa = PBXNativeTarget;
			buildConfigurationList = 7595C7D522D21F1300C5B079 /* Build configuration list for PBXNativeTarget "Gaetano Menu" */;
			buildPhases = (
				7595C7BC22D21F1300C5B079 /* Sources */,
				7595C7BD22D21F1300C5B079 /* Frameworks */,
				7595C7BE22D21F1300C5B079 /* Resources */,
			);
			buildRules = (
			);
			dependencies = (
			);
			name = "Gaetano Menu";
			productName = "Gaetano Menu";
			productReference = 7595C7C022D21F1300C5B079 /* Gaetano Menu.appex */;
			productType = "com.apple.product-type.app-extension";
		};
/* End PBXNativeTarget section */

/* Begin PBXProject section */
		7595C76822D212C200C5B079 /* Project object */ = {
			isa = PBXProject;
			attributes = {
				LastSwiftUpdateCheck = 1020;
				LastUpgradeCheck = 1020;
				ORGANIZATIONNAME = Oggetto;
				TargetAttributes = {
					7595C76F22D212C200C5B079 = {
						CreatedOnToolsVersion = 10.2.1;
					};
					7595C7BF22D21F1300C5B079 = {
						CreatedOnToolsVersion = 10.2.1;
						SystemCapabilities = {
							com.apple.Sandbox = {
								enabled = 1;
							};
						};
					};
				};
			};
			buildConfigurationList = 7595C76B22D212C200C5B079 /* Build configuration list for PBXProject "Gaetano Lunches" */;
			compatibilityVersion = "Xcode 9.3";
			developmentRegion = en;
			hasScannedForEncodings = 0;
			knownRegions = (
				en,
				Base,
				ru,
			);
			mainGroup = 7595C76722D212C200C5B079;
			productRefGroup = 7595C77122D212C200C5B079 /* Products */;
			projectDirPath = "";
			projectRoot = "";
			targets = (
				7595C76F22D212C200C5B079 /* Gaetano Lunches */,
				7595C7BF22D21F1300C5B079 /* Gaetano Menu */,
			);
		};
/* End PBXProject section */

/* Begin PBXResourcesBuildPhase section */
		7595C76E22D212C200C5B079 /* Resources */ = {
			isa = PBXResourcesBuildPhase;
			buildActionMask = 2147483647;
			files = (
				7595C77822D212C300C5B079 /* Assets.xcassets in Resources */,
				754FF11722D294FA005EEF2E /* Localizable.strings in Resources */,
				7595C77B22D212C300C5B079 /* Main.storyboard in Resources */,
			);
			runOnlyForDeploymentPostprocessing = 0;
		};
		7595C7BE22D21F1300C5B079 /* Resources */ = {
			isa = PBXResourcesBuildPhase;
			buildActionMask = 2147483647;
			files = (
				7595C7C922D21F1300C5B079 /* TodayViewController.xib in Resources */,
				754FF11822D294FA005EEF2E /* Localizable.strings in Resources */,
				7595C7D022D21F1300C5B079 /* InfoPlist.strings in Resources */,
				7595C7CC22D21F1300C5B079 /* ListRowViewController.xib in Resources */,
			);
			runOnlyForDeploymentPostprocessing = 0;
		};
/* End PBXResourcesBuildPhase section */

/* Begin PBXSourcesBuildPhase section */
		7595C76C22D212C200C5B079 /* Sources */ = {
			isa = PBXSourcesBuildPhase;
			buildActionMask = 2147483647;
			files = (
				7595C7D922D2218100C5B079 /* Model.swift in Sources */,
				7595C77622D212C200C5B079 /* ViewController.swift in Sources */,
				7595C77422D212C200C5B079 /* AppDelegate.swift in Sources */,
			);
			runOnlyForDeploymentPostprocessing = 0;
		};
		7595C7BC22D21F1300C5B079 /* Sources */ = {
			isa = PBXSourcesBuildPhase;
			buildActionMask = 2147483647;
			files = (
				7595C7DA22D2218100C5B079 /* Model.swift in Sources */,
				7595C7C422D21F1300C5B079 /* TodayViewController.swift in Sources */,
				7595C7C622D21F1300C5B079 /* ListRowViewController.swift in Sources */,
			);
			runOnlyForDeploymentPostprocessing = 0;
		};
/* End PBXSourcesBuildPhase section */

/* Begin PBXTargetDependency section */
		7595C7D322D21F1300C5B079 /* PBXTargetDependency */ = {
			isa = PBXTargetDependency;
			target = 7595C7BF22D21F1300C5B079 /* Gaetano Menu */;
			targetProxy = 7595C7D222D21F1300C5B079 /* PBXContainerItemProxy */;
		};
/* End PBXTargetDependency section */

/* Begin PBXVariantGroup section */
		754FF11A22D294FA005EEF2E /* Localizable.strings */ = {
			isa = PBXVariantGroup;
			children = (
				754FF11922D294FA005EEF2E /* ru */,
				754FF11B22D29563005EEF2E /* en */,
			);
			name = Localizable.strings;
			sourceTree = "<group>";
		};
		7595C77922D212C300C5B079 /* Main.storyboard */ = {
			isa = PBXVariantGroup;
			children = (
				7595C77A22D212C300C5B079 /* Base */,
				7595C79F22D213EC00C5B079 /* ru */,
			);
			name = Main.storyboard;
			sourceTree = "<group>";
		};
		7595C7C722D21F1300C5B079 /* TodayViewController.xib */ = {
			isa = PBXVariantGroup;
			children = (
				7595C7C822D21F1300C5B079 /* Base */,
			);
			name = TodayViewController.xib;
			sourceTree = "<group>";
		};
		7595C7CA22D21F1300C5B079 /* ListRowViewController.xib */ = {
			isa = PBXVariantGroup;
			children = (
				7595C7CB22D21F1300C5B079 /* Base */,
			);
			name = ListRowViewController.xib;
			sourceTree = "<group>";
		};
		7595C7CE22D21F1300C5B079 /* InfoPlist.strings */ = {
			isa = PBXVariantGroup;
			children = (
				7595C7CF22D21F1300C5B079 /* en */,
				7595C7DC22D23A3A00C5B079 /* ru */,
			);
			name = InfoPlist.strings;
			sourceTree = "<group>";
		};
/* End PBXVariantGroup section */

/* Begin XCBuildConfiguration section */
		7595C77E22D212C300C5B079 /* Debug */ = {
			isa = XCBuildConfiguration;
			buildSettings = {
				ALWAYS_SEARCH_USER_PATHS = NO;
				CLANG_ANALYZER_LOCALIZABILITY_NONLOCALIZED = YES;
				CLANG_ANALYZER_NONNULL = YES;
				CLANG_ANALYZER_NUMBER_OBJECT_CONVERSION = YES_AGGRESSIVE;
				CLANG_CXX_LANGUAGE_STANDARD = "gnu++14";
				CLANG_CXX_LIBRARY = "libc++";
				CLANG_ENABLE_MODULES = YES;
				CLANG_ENABLE_OBJC_ARC = YES;
				CLANG_ENABLE_OBJC_WEAK = YES;
				CLANG_WARN_BLOCK_CAPTURE_AUTORELEASING = YES;
				CLANG_WARN_BOOL_CONVERSION = YES;
				CLANG_WARN_COMMA = YES;
				CLANG_WARN_CONSTANT_CONVERSION = YES;
				CLANG_WARN_DEPRECATED_OBJC_IMPLEMENTATIONS = YES;
				CLANG_WARN_DIRECT_OBJC_ISA_USAGE = YES_ERROR;
				CLANG_WARN_DOCUMENTATION_COMMENTS = YES;
				CLANG_WARN_EMPTY_BODY = YES;
				CLANG_WARN_ENUM_CONVERSION = YES;
				CLANG_WARN_INFINITE_RECURSION = YES;
				CLANG_WARN_INT_CONVERSION = YES;
				CLANG_WARN_NON_LITERAL_NULL_CONVERSION = YES;
				CLANG_WARN_OBJC_IMPLICIT_RETAIN_SELF = YES;
				CLANG_WARN_OBJC_LITERAL_CONVERSION = YES;
				CLANG_WARN_OBJC_ROOT_CLASS = YES_ERROR;
				CLANG_WARN_RANGE_LOOP_ANALYSIS = YES;
				CLANG_WARN_STRICT_PROTOTYPES = YES;
				CLANG_WARN_SUSPICIOUS_MOVE = YES;
				CLANG_WARN_UNGUARDED_AVAILABILITY = YES_AGGRESSIVE;
				CLANG_WARN_UNREACHABLE_CODE = YES;
				CLANG_WARN__DUPLICATE_METHOD_MATCH = YES;
				CODE_SIGN_IDENTITY = "Mac Developer";
				COPY_PHASE_STRIP = NO;
				DEBUG_INFORMATION_FORMAT = dwarf;
				ENABLE_STRICT_OBJC_MSGSEND = YES;
				ENABLE_TESTABILITY = YES;
				GCC_C_LANGUAGE_STANDARD = gnu11;
				GCC_DYNAMIC_NO_PIC = NO;
				GCC_NO_COMMON_BLOCKS = YES;
				GCC_OPTIMIZATION_LEVEL = 0;
				GCC_PREPROCESSOR_DEFINITIONS = (
					"DEBUG=1",
					"$(inherited)",
				);
				GCC_WARN_64_TO_32_BIT_CONVERSION = YES;
				GCC_WARN_ABOUT_RETURN_TYPE = YES_ERROR;
				GCC_WARN_UNDECLARED_SELECTOR = YES;
				GCC_WARN_UNINITIALIZED_AUTOS = YES_AGGRESSIVE;
				GCC_WARN_UNUSED_FUNCTION = YES;
				GCC_WARN_UNUSED_VARIABLE = YES;
				MACOSX_DEPLOYMENT_TARGET = 10.12;
				MTL_ENABLE_DEBUG_INFO = INCLUDE_SOURCE;
				MTL_FAST_MATH = YES;
				ONLY_ACTIVE_ARCH = YES;
				SDKROOT = macosx;
				SWIFT_ACTIVE_COMPILATION_CONDITIONS = DEBUG;
				SWIFT_OPTIMIZATION_LEVEL = "-Onone";
			};
			name = Debug;
		};
		7595C77F22D212C300C5B079 /* Release */ = {
			isa = XCBuildConfiguration;
			buildSettings = {
				ALWAYS_SEARCH_USER_PATHS = NO;
				CLANG_ANALYZER_LOCALIZABILITY_NONLOCALIZED = YES;
				CLANG_ANALYZER_NONNULL = YES;
				CLANG_ANALYZER_NUMBER_OBJECT_CONVERSION = YES_AGGRESSIVE;
				CLANG_CXX_LANGUAGE_STANDARD = "gnu++14";
				CLANG_CXX_LIBRARY = "libc++";
				CLANG_ENABLE_MODULES = YES;
				CLANG_ENABLE_OBJC_ARC = YES;
				CLANG_ENABLE_OBJC_WEAK = YES;
				CLANG_WARN_BLOCK_CAPTURE_AUTORELEASING = YES;
				CLANG_WARN_BOOL_CONVERSION = YES;
				CLANG_WARN_COMMA = YES;
				CLANG_WARN_CONSTANT_CONVERSION = YES;
				CLANG_WARN_DEPRECATED_OBJC_IMPLEMENTATIONS = YES;
				CLANG_WARN_DIRECT_OBJC_ISA_USAGE = YES_ERROR;
				CLANG_WARN_DOCUMENTATION_COMMENTS = YES;
				CLANG_WARN_EMPTY_BODY = YES;
				CLANG_WARN_ENUM_CONVERSION = YES;
				CLANG_WARN_INFINITE_RECURSION = YES;
				CLANG_WARN_INT_CONVERSION = YES;
				CLANG_WARN_NON_LITERAL_NULL_CONVERSION = YES;
				CLANG_WARN_OBJC_IMPLICIT_RETAIN_SELF = YES;
				CLANG_WARN_OBJC_LITERAL_CONVERSION = YES;
				CLANG_WARN_OBJC_ROOT_CLASS = YES_ERROR;
				CLANG_WARN_RANGE_LOOP_ANALYSIS = YES;
				CLANG_WARN_STRICT_PROTOTYPES = YES;
				CLANG_WARN_SUSPICIOUS_MOVE = YES;
				CLANG_WARN_UNGUARDED_AVAILABILITY = YES_AGGRESSIVE;
				CLANG_WARN_UNREACHABLE_CODE = YES;
				CLANG_WARN__DUPLICATE_METHOD_MATCH = YES;
				CODE_SIGN_IDENTITY = "Mac Developer";
				COPY_PHASE_STRIP = NO;
				DEBUG_INFORMATION_FORMAT = "dwarf-with-dsym";
				ENABLE_NS_ASSERTIONS = NO;
				ENABLE_STRICT_OBJC_MSGSEND = YES;
				GCC_C_LANGUAGE_STANDARD = gnu11;
				GCC_NO_COMMON_BLOCKS = YES;
				GCC_WARN_64_TO_32_BIT_CONVERSION = YES;
				GCC_WARN_ABOUT_RETURN_TYPE = YES_ERROR;
				GCC_WARN_UNDECLARED_SELECTOR = YES;
				GCC_WARN_UNINITIALIZED_AUTOS = YES_AGGRESSIVE;
				GCC_WARN_UNUSED_FUNCTION = YES;
				GCC_WARN_UNUSED_VARIABLE = YES;
				MACOSX_DEPLOYMENT_TARGET = 10.12;
				MTL_ENABLE_DEBUG_INFO = NO;
				MTL_FAST_MATH = YES;
				SDKROOT = macosx;
				SWIFT_COMPILATION_MODE = wholemodule;
				SWIFT_OPTIMIZATION_LEVEL = "-O";
			};
			name = Release;
		};
		7595C78122D212C300C5B079 /* Debug */ = {
			isa = XCBuildConfiguration;
			buildSettings = {
				ALWAYS_EMBED_SWIFT_STANDARD_LIBRARIES = YES;
				ASSETCATALOG_COMPILER_APPICON_NAME = AppIcon;
				CODE_SIGN_STYLE = Automatic;
				COMBINE_HIDPI_IMAGES = YES;
				DEVELOPMENT_TEAM = 2N9M6UJ56W;
				INFOPLIST_FILE = "Gaetano Lunches/Info.plist";
				LD_RUNPATH_SEARCH_PATHS = (
					"$(inherited)",
					"@executable_path/../Frameworks",
				);
				PRODUCT_BUNDLE_IDENTIFIER = ru.oggetto.gaetano.lunch;
				PRODUCT_NAME = "$(TARGET_NAME)";
				SWIFT_VERSION = 5.0;
			};
			name = Debug;
		};
		7595C78222D212C300C5B079 /* Release */ = {
			isa = XCBuildConfiguration;
			buildSettings = {
				ALWAYS_EMBED_SWIFT_STANDARD_LIBRARIES = YES;
				ASSETCATALOG_COMPILER_APPICON_NAME = AppIcon;
				CODE_SIGN_STYLE = Automatic;
				COMBINE_HIDPI_IMAGES = YES;
				DEVELOPMENT_TEAM = 2N9M6UJ56W;
				INFOPLIST_FILE = "Gaetano Lunches/Info.plist";
				LD_RUNPATH_SEARCH_PATHS = (
					"$(inherited)",
					"@executable_path/../Frameworks",
				);
				PRODUCT_BUNDLE_IDENTIFIER = ru.oggetto.gaetano.lunch;
				PRODUCT_NAME = "$(TARGET_NAME)";
				SWIFT_VERSION = 5.0;
			};
			name = Release;
		};
		7595C7D622D21F1300C5B079 /* Debug */ = {
			isa = XCBuildConfiguration;
			buildSettings = {
				ASSETCATALOG_COMPILER_APPICON_NAME = AppIcon;
				CODE_SIGN_ENTITLEMENTS = "Gaetano Menu/Gaetano Menu.entitlements";
				CODE_SIGN_STYLE = Automatic;
				COMBINE_HIDPI_IMAGES = YES;
				DEVELOPMENT_TEAM = 2N9M6UJ56W;
				INFOPLIST_FILE = "Gaetano Menu/Info.plist";
				LD_RUNPATH_SEARCH_PATHS = (
					"$(inherited)",
					"@executable_path/../Frameworks",
					"@executable_path/../../../../Frameworks",
				);
				PRODUCT_BUNDLE_IDENTIFIER = ru.oggetto.gaetano.lunch.widget;
				PRODUCT_NAME = "$(TARGET_NAME)";
				SKIP_INSTALL = YES;
				SWIFT_VERSION = 5.0;
			};
			name = Debug;
		};
		7595C7D722D21F1300C5B079 /* Release */ = {
			isa = XCBuildConfiguration;
			buildSettings = {
				ASSETCATALOG_COMPILER_APPICON_NAME = AppIcon;
				CODE_SIGN_ENTITLEMENTS = "Gaetano Menu/Gaetano Menu.entitlements";
				CODE_SIGN_STYLE = Automatic;
				COMBINE_HIDPI_IMAGES = YES;
				DEVELOPMENT_TEAM = 2N9M6UJ56W;
				INFOPLIST_FILE = "Gaetano Menu/Info.plist";
				LD_RUNPATH_SEARCH_PATHS = (
					"$(inherited)",
					"@executable_path/../Frameworks",
					"@executable_path/../../../../Frameworks",
				);
				PRODUCT_BUNDLE_IDENTIFIER = ru.oggetto.gaetano.lunch.widget;
				PRODUCT_NAME = "$(TARGET_NAME)";
				SKIP_INSTALL = YES;
				SWIFT_VERSION = 5.0;
			};
			name = Release;
		};
/* End XCBuildConfiguration section */

/* Begin XCConfigurationList section */
		7595C76B22D212C200C5B079 /* Build configuration list for PBXProject "Gaetano Lunches" */ = {
			isa = XCConfigurationList;
			buildConfigurations = (
				7595C77E22D212C300C5B079 /* Debug */,
				7595C77F22D212C300C5B079 /* Release */,
			);
			defaultConfigurationIsVisible = 0;
			defaultConfigurationName = Debug;
		};
		7595C78022D212C300C5B079 /* Build configuration list for PBXNativeTarget "Gaetano Lunches" */ = {
			isa = XCConfigurationList;
			buildConfigurations = (
				7595C78122D212C300C5B079 /* Debug */,
				7595C78222D212C300C5B079 /* Release */,
			);
			defaultConfigurationIsVisible = 0;
			defaultConfigurationName = Debug;
		};
		7595C7D522D21F1300C5B079 /* Build configuration list for PBXNativeTarget "Gaetano Menu" */ = {
			isa = XCConfigurationList;
			buildConfigurations = (
				7595C7D622D21F1300C5B079 /* Debug */,
				7595C7D722D21F1300C5B079 /* Release */,
			);
			defaultConfigurationIsVisible = 0;
			defaultConfigurationName = Debug;
		};
/* End XCConfigurationList section */
	};
	rootObject = 7595C76822D212C200C5B079 /* Project object */;
}
